// !$*UTF8*$!
{
	archiveVersion = 1;
	classes = {
	};
	objectVersion = 50;
	objects = {

/* Begin PBXBuildFile section */
		A1020C522692FF1F00170298 /* AppDelegate.swift in Sources */ = {isa = PBXBuildFile; fileRef = A1020C512692FF1F00170298 /* AppDelegate.swift */; };
		A1020C542692FF1F00170298 /* SceneDelegate.swift in Sources */ = {isa = PBXBuildFile; fileRef = A1020C532692FF1F00170298 /* SceneDelegate.swift */; };
		A1020C562692FF1F00170298 /* ChallengeThreeViewController.swift in Sources */ = {isa = PBXBuildFile; fileRef = A1020C552692FF1F00170298 /* ChallengeThreeViewController.swift */; };
		A1020C592692FF1F00170298 /* Main.storyboard in Resources */ = {isa = PBXBuildFile; fileRef = A1020C572692FF1F00170298 /* Main.storyboard */; };
		A1020C5B2692FF2000170298 /* Assets.xcassets in Resources */ = {isa = PBXBuildFile; fileRef = A1020C5A2692FF2000170298 /* Assets.xcassets */; };
		A1020C662693092800170298 /* GreenView.swift in Sources */ = {isa = PBXBuildFile; fileRef = A1020C652693092800170298 /* GreenView.swift */; };
/* End PBXBuildFile section */

/* Begin PBXFileReference section */
		A1020C4E2692FF1F00170298 /* Chapter-6-Challenges.app */ = {isa = PBXFileReference; explicitFileType = wrapper.application; includeInIndex = 0; path = "Chapter-6-Challenges.app"; sourceTree = BUILT_PRODUCTS_DIR; };
		A1020C512692FF1F00170298 /* AppDelegate.swift */ = {isa = PBXFileReference; lastKnownFileType = sourcecode.swift; path = AppDelegate.swift; sourceTree = "<group>"; };
		A1020C532692FF1F00170298 /* SceneDelegate.swift */ = {isa = PBXFileReference; lastKnownFileType = sourcecode.swift; path = SceneDelegate.swift; sourceTree = "<group>"; };
		A1020C552692FF1F00170298 /* ChallengeThreeViewController.swift */ = {isa = PBXFileReference; lastKnownFileType = sourcecode.swift; path = ChallengeThreeViewController.swift; sourceTree = "<group>"; };
		A1020C582692FF1F00170298 /* Base */ = {isa = PBXFileReference; lastKnownFileType = file.storyboard; name = Base; path = Base.lproj/Main.storyboard; sourceTree = "<group>"; };
		A1020C5A2692FF2000170298 /* Assets.xcassets */ = {isa = PBXFileReference; lastKnownFileType = folder.assetcatalog; path = Assets.xcassets; sourceTree = "<group>"; };
		A1020C5F2692FF2000170298 /* Info.plist */ = {isa = PBXFileReference; lastKnownFileType = text.plist.xml; path = Info.plist; sourceTree = "<group>"; };
		A1020C652693092800170298 /* GreenView.swift */ = {isa = PBXFileReference; lastKnownFileType = sourcecode.swift; path = GreenView.swift; sourceTree = "<group>"; };
/* End PBXFileReference section */

/* Begin PBXFrameworksBuildPhase section */
		A1020C4B2692FF1F00170298 /* Frameworks */ = {
			isa = PBXFrameworksBuildPhase;
			buildActionMask = 2147483647;
			files = (
			);
			runOnlyForDeploymentPostprocessing = 0;
		};
/* End PBXFrameworksBuildPhase section */

/* Begin PBXGroup section */
		A1020C452692FF1F00170298 = {
			isa = PBXGroup;
			children = (
				A1020C502692FF1F00170298 /* Chapter-6-Challenges */,
				A1020C4F2692FF1F00170298 /* Products */,
			);
			sourceTree = "<group>";
		};
		A1020C4F2692FF1F00170298 /* Products */ = {
			isa = PBXGroup;
			children = (
				A1020C4E2692FF1F00170298 /* Chapter-6-Challenges.app */,
			);
			name = Products;
			sourceTree = "<group>";
		};
		A1020C502692FF1F00170298 /* Chapter-6-Challenges */ = {
			isa = PBXGroup;
			children = (
				A1020C512692FF1F00170298 /* AppDelegate.swift */,
				A1020C532692FF1F00170298 /* SceneDelegate.swift */,
				A1020C6726930B9A00170298 /* Challenge 6.3 */,
				A1020C572692FF1F00170298 /* Main.storyboard */,
				A1020C5A2692FF2000170298 /* Assets.xcassets */,
				A1020C5F2692FF2000170298 /* Info.plist */,
			);
			path = "Chapter-6-Challenges";
			sourceTree = "<group>";
		};
		A1020C6726930B9A00170298 /* Challenge 6.3 */ = {
			isa = PBXGroup;
			children = (
				A1020C552692FF1F00170298 /* ChallengeThreeViewController.swift */,
				A1020C652693092800170298 /* GreenView.swift */,
			);
			path = "Challenge 6.3";
			sourceTree = "<group>";
		};
/* End PBXGroup section */

/* Begin PBXNativeTarget section */
		A1020C4D2692FF1F00170298 /* Chapter-6-Challenges */ = {
			isa = PBXNativeTarget;
			buildConfigurationList = A1020C622692FF2000170298 /* Build configuration list for PBXNativeTarget "Chapter-6-Challenges" */;
			buildPhases = (
				A1020C4A2692FF1F00170298 /* Sources */,
				A1020C4B2692FF1F00170298 /* Frameworks */,
				A1020C4C2692FF1F00170298 /* Resources */,
			);
			buildRules = (
			);
			dependencies = (
			);
			name = "Chapter-6-Challenges";
			productName = "Chapter-6-Challenges";
			productReference = A1020C4E2692FF1F00170298 /* Chapter-6-Challenges.app */;
			productType = "com.apple.product-type.application";
		};
/* End PBXNativeTarget section */

/* Begin PBXProject section */
		A1020C462692FF1F00170298 /* Project object */ = {
			isa = PBXProject;
			attributes = {
				LastSwiftUpdateCheck = 1250;
				LastUpgradeCheck = 1250;
				TargetAttributes = {
					A1020C4D2692FF1F00170298 = {
						CreatedOnToolsVersion = 12.5.1;
					};
				};
			};
			buildConfigurationList = A1020C492692FF1F00170298 /* Build configuration list for PBXProject "Chapter-6-Challenges" */;
			compatibilityVersion = "Xcode 9.3";
			developmentRegion = en;
			hasScannedForEncodings = 0;
			knownRegions = (
				en,
				Base,
			);
			mainGroup = A1020C452692FF1F00170298;
			productRefGroup = A1020C4F2692FF1F00170298 /* Products */;
			projectDirPath = "";
			projectRoot = "";
			targets = (
				A1020C4D2692FF1F00170298 /* Chapter-6-Challenges */,
			);
		};
/* End PBXProject section */

/* Begin PBXResourcesBuildPhase section */
		A1020C4C2692FF1F00170298 /* Resources */ = {
			isa = PBXResourcesBuildPhase;
			buildActionMask = 2147483647;
			files = (
				A1020C5B2692FF2000170298 /* Assets.xcassets in Resources */,
				A1020C592692FF1F00170298 /* Main.storyboard in Resources */,
			);
			runOnlyForDeploymentPostprocessing = 0;
		};
/* End PBXResourcesBuildPhase section */

/* Begin PBXSourcesBuildPhase section */
		A1020C4A2692FF1F00170298 /* Sources */ = {
			isa = PBXSourcesBuildPhase;
			buildActionMask = 2147483647;
			files = (
				A1020C562692FF1F00170298 /* ChallengeThreeViewController.swift in Sources */,
				A1020C522692FF1F00170298 /* AppDelegate.swift in Sources */,
				A1020C662693092800170298 /* GreenView.swift in Sources */,
				A1020C542692FF1F00170298 /* SceneDelegate.swift in Sources */,
			);
			runOnlyForDeploymentPostprocessing = 0;
		};
/* End PBXSourcesBuildPhase section */

/* Begin PBXVariantGroup section */
		A1020C572692FF1F00170298 /* Main.storyboard */ = {
			isa = PBXVariantGroup;
			children = (
				A1020C582692FF1F00170298 /* Base */,
			);
			name = Main.storyboard;
			sourceTree = "<group>";
		};
/* End PBXVariantGroup section */

/* Begin XCBuildConfiguration section */
		A1020C602692FF2000170298 /* Debug */ = {
			isa = XCBuildConfiguration;
			buildSettings = {
				ALWAYS_SEARCH_USER_PATHS = NO;
				CLANG_ANALYZER_NONNULL = YES;
				CLANG_ANALYZER_NUMBER_OBJECT_CONVERSION = YES_AGGRESSIVE;
				CLANG_CXX_LANGUAGE_STANDARD = "gnu++14";
				CLANG_CXX_LIBRARY = "libc++";
				CLANG_ENABLE_MODULES = YES;
				CLANG_ENABLE_OBJC_ARC = YES;
				CLANG_ENABLE_OBJC_WEAK = YES;
				CLANG_WARN_BLOCK_CAPTURE_AUTORELEASING = YES;
				CLANG_WARN_BOOL_CONVERSION = YES;
				CLANG_WARN_COMMA = YES;
				CLANG_WARN_CONSTANT_CONVERSION = YES;
				CLANG_WARN_DEPRECATED_OBJC_IMPLEMENTATIONS = YES;
				CLANG_WARN_DIRECT_OBJC_ISA_USAGE = YES_ERROR;
				CLANG_WARN_DOCUMENTATION_COMMENTS = YES;
				CLANG_WARN_EMPTY_BODY = YES;
				CLANG_WARN_ENUM_CONVERSION = YES;
				CLANG_WARN_INFINITE_RECURSION = YES;
				CLANG_WARN_INT_CONVERSION = YES;
				CLANG_WARN_NON_LITERAL_NULL_CONVERSION = YES;
				CLANG_WARN_OBJC_IMPLICIT_RETAIN_SELF = YES;
				CLANG_WARN_OBJC_LITERAL_CONVERSION = YES;
				CLANG_WARN_OBJC_ROOT_CLASS = YES_ERROR;
				CLANG_WARN_QUOTED_INCLUDE_IN_FRAMEWORK_HEADER = YES;
				CLANG_WARN_RANGE_LOOP_ANALYSIS = YES;
				CLANG_WARN_STRICT_PROTOTYPES = YES;
				CLANG_WARN_SUSPICIOUS_MOVE = YES;
				CLANG_WARN_UNGUARDED_AVAILABILITY = YES_AGGRESSIVE;
				CLANG_WARN_UNREACHABLE_CODE = YES;
				CLANG_WARN__DUPLICATE_METHOD_MATCH = YES;
				COPY_PHASE_STRIP = NO;
				DEBUG_INFORMATION_FORMAT = dwarf;
				ENABLE_STRICT_OBJC_MSGSEND = YES;
				ENABLE_TESTABILITY = YES;
				GCC_C_LANGUAGE_STANDARD = gnu11;
				GCC_DYNAMIC_NO_PIC = NO;
				GCC_NO_COMMON_BLOCKS = YES;
				GCC_OPTIMIZATION_LEVEL = 0;
				GCC_PREPROCESSOR_DEFINITIONS = (
					"DEBUG=1",
					"$(inherited)",
				);
				GCC_WARN_64_TO_32_BIT_CONVERSION = YES;
				GCC_WARN_ABOUT_RETURN_TYPE = YES_ERROR;
				GCC_WARN_UNDECLARED_SELECTOR = YES;
				GCC_WARN_UNINITIALIZED_AUTOS = YES_AGGRESSIVE;
				GCC_WARN_UNUSED_FUNCTION = YES;
				GCC_WARN_UNUSED_VARIABLE = YES;
				IPHONEOS_DEPLOYMENT_TARGET = 14.5;
				MTL_ENABLE_DEBUG_INFO = INCLUDE_SOURCE;
				MTL_FAST_MATH = YES;
				ONLY_ACTIVE_ARCH = YES;
				SDKROOT = iphoneos;
				SWIFT_ACTIVE_COMPILATION_CONDITIONS = DEBUG;
				SWIFT_OPTIMIZATION_LEVEL = "-Onone";
			};
			name = Debug;
		};
		A1020C612692FF2000170298 /* Release */ = {
			isa = XCBuildConfiguration;
			buildSettings = {
				ALWAYS_SEARCH_USER_PATHS = NO;
				CLANG_ANALYZER_NONNULL = YES;
				CLANG_ANALYZER_NUMBER_OBJECT_CONVERSION = YES_AGGRESSIVE;
				CLANG_CXX_LANGUAGE_STANDARD = "gnu++14";
				CLANG_CXX_LIBRARY = "libc++";
				CLANG_ENABLE_MODULES = YES;
				CLANG_ENABLE_OBJC_ARC = YES;
				CLANG_ENABLE_OBJC_WEAK = YES;
				CLANG_WARN_BLOCK_CAPTURE_AUTORELEASING = YES;
				CLANG_WARN_BOOL_CONVERSION = YES;
				CLANG_WARN_COMMA = YES;
				CLANG_WARN_CONSTANT_CONVERSION = YES;
				CLANG_WARN_DEPRECATED_OBJC_IMPLEMENTATIONS = YES;
				CLANG_WARN_DIRECT_OBJC_ISA_USAGE = YES_ERROR;
				CLANG_WARN_DOCUMENTATION_COMMENTS = YES;
				CLANG_WARN_EMPTY_BODY = YES;
				CLANG_WARN_ENUM_CONVERSION = YES;
				CLANG_WARN_INFINITE_RECURSION = YES;
				CLANG_WARN_INT_CONVERSION = YES;
				CLANG_WARN_NON_LITERAL_NULL_CONVERSION = YES;
				CLANG_WARN_OBJC_IMPLICIT_RETAIN_SELF = YES;
				CLANG_WARN_OBJC_LITERAL_CONVERSION = YES;
				CLANG_WARN_OBJC_ROOT_CLASS = YES_ERROR;
				CLANG_WARN_QUOTED_INCLUDE_IN_FRAMEWORK_HEADER = YES;
				CLANG_WARN_RANGE_LOOP_ANALYSIS = YES;
				CLANG_WARN_STRICT_PROTOTYPES = YES;
				CLANG_WARN_SUSPICIOUS_MOVE = YES;
				CLANG_WARN_UNGUARDED_AVAILABILITY = YES_AGGRESSIVE;
				CLANG_WARN_UNREACHABLE_CODE = YES;
				CLANG_WARN__DUPLICATE_METHOD_MATCH = YES;
				COPY_PHASE_STRIP = NO;
				DEBUG_INFORMATION_FORMAT = "dwarf-with-dsym";
				ENABLE_NS_ASSERTIONS = NO;
				ENABLE_STRICT_OBJC_MSGSEND = YES;
				GCC_C_LANGUAGE_STANDARD = gnu11;
				GCC_NO_COMMON_BLOCKS = YES;
				GCC_WARN_64_TO_32_BIT_CONVERSION = YES;
				GCC_WARN_ABOUT_RETURN_TYPE = YES_ERROR;
				GCC_WARN_UNDECLARED_SELECTOR = YES;
				GCC_WARN_UNINITIALIZED_AUTOS = YES_AGGRESSIVE;
				GCC_WARN_UNUSED_FUNCTION = YES;
				GCC_WARN_UNUSED_VARIABLE = YES;
				IPHONEOS_DEPLOYMENT_TARGET = 14.5;
				MTL_ENABLE_DEBUG_INFO = NO;
				MTL_FAST_MATH = YES;
				SDKROOT = iphoneos;
				SWIFT_COMPILATION_MODE = wholemodule;
				SWIFT_OPTIMIZATION_LEVEL = "-O";
				VALIDATE_PRODUCT = YES;
			};
			name = Release;
		};
		A1020C632692FF2000170298 /* Debug */ = {
			isa = XCBuildConfiguration;
			buildSettings = {
				ASSETCATALOG_COMPILER_APPICON_NAME = AppIcon;
				ASSETCATALOG_COMPILER_GLOBAL_ACCENT_COLOR_NAME = AccentColor;
				CODE_SIGN_STYLE = Automatic;
				DEVELOPMENT_TEAM = "";
				INFOPLIST_FILE = "Chapter-6-Challenges/Info.plist";
				LD_RUNPATH_SEARCH_PATHS = (
					"$(inherited)",
					"@executable_path/Frameworks",
				);
				PRODUCT_BUNDLE_IDENTIFIER = "com.boris.Chapter-6-Challenges";
				PRODUCT_NAME = "$(TARGET_NAME)";
				SWIFT_VERSION = 5.0;
				TARGETED_DEVICE_FAMILY = "1,2";
			};
			name = Debug;
		};
		A1020C642692FF2000170298 /* Release */ = {
			isa = XCBuildConfiguration;
			buildSettings = {
				ASSETCATALOG_COMPILER_APPICON_NAME = AppIcon;
				ASSETCATALOG_COMPILER_GLOBAL_ACCENT_COLOR_NAME = AccentColor;
				CODE_SIGN_STYLE = Automatic;
				DEVELOPMENT_TEAM = "";
				INFOPLIST_FILE = "Chapter-6-Challenges/Info.plist";
				LD_RUNPATH_SEARCH_PATHS = (
					"$(inherited)",
					"@executable_path/Frameworks",
				);
				PRODUCT_BUNDLE_IDENTIFIER = "com.boris.Chapter-6-Challenges";
				PRODUCT_NAME = "$(TARGET_NAME)";
				SWIFT_VERSION = 5.0;
				TARGETED_DEVICE_FAMILY = "1,2";
			};
			name = Release;
		};
/* End XCBuildConfiguration section */

/* Begin XCConfigurationList section */
		A1020C492692FF1F00170298 /* Build configuration list for PBXProject "Chapter-6-Challenges" */ = {
			isa = XCConfigurationList;
			buildConfigurations = (
				A1020C602692FF2000170298 /* Debug */,
				A1020C612692FF2000170298 /* Release */,
			);
			defaultConfigurationIsVisible = 0;
			defaultConfigurationName = Release;
		};
		A1020C622692FF2000170298 /* Build configuration list for PBXNativeTarget "Chapter-6-Challenges" */ = {
			isa = XCConfigurationList;
			buildConfigurations = (
				A1020C632692FF2000170298 /* Debug */,
				A1020C642692FF2000170298 /* Release */,
			);
			defaultConfigurationIsVisible = 0;
			defaultConfigurationName = Release;
		};
/* End XCConfigurationList section */
	};
	rootObject = A1020C462692FF1F00170298 /* Project object */;
}
